
Microsoft Visual Studio Solution File, Format Version 12.00
# Visual Studio Version 17
VisualStudioVersion = 17.14.36203.30
MinimumVisualStudioVersion = 10.0.40219.1
Project("{FAE04EC0-301F-11D3-BF4B-00C04F79EFBC}") = "SEOWhiteKing", "SEOWhiteKing\SEOWhiteKing.csproj", "{F5E72AB0-19DE-4FB7-B045-37CEDD9A30B1}"
EndProject
Global
	GlobalSection(SolutionConfigurationPlatforms) = preSolution
		Debug|Any CPU = Debug|Any CPU
		Release|Any CPU = Release|Any CPU
	EndGlobalSection
	GlobalSection(ProjectConfigurationPlatforms) = postSolution
		{F5E72AB0-19DE-4FB7-B045-37CEDD9A30B1}.Debug|Any CPU.ActiveCfg = Debug|Any CPU
		{F5E72AB0-19DE-4FB7-B045-37CEDD9A30B1}.Debug|Any CPU.Build.0 = Debug|Any CPU
		{F5E72AB0-19DE-4FB7-B045-37CEDD9A30B1}.Release|Any CPU.ActiveCfg = Release|Any CPU
		{F5E72AB0-19DE-4FB7-B045-37CEDD9A30B1}.Release|Any CPU.Build.0 = Release|Any CPU
	EndGlobalSection
	GlobalSection(SolutionProperties) = preSolution
		HideSolutionNode = FALSE
	EndGlobalSection
	GlobalSection(ExtensibilityGlobals) = postSolution
		SolutionGuid = {85905C3E-BA3E-4C15-B9A5-69D1E1578C4C}
	EndGlobalSection
EndGlobal
